
Microsoft Visual Studio Solution File, Format Version 12.00
# Visual Studio 2013
VisualStudioVersion = 12.0.31101.0
MinimumVisualStudioVersion = 10.0.40219.1
Project("{2150E333-8FDC-42A3-9474-1A3956D46DE8}") = "Commons", "Commons", "{2B220930-840B-4688-A6A7-E494AFC272DF}"
EndProject
Project("{FAE04EC0-301F-11D3-BF4B-00C04F79EFBC}") = "NH.Entity", "NH.Entity\NH.Entity.csproj", "{091E45EE-B3C3-4113-9A19-2657CC4EF41D}"
EndProject
Project("{2150E333-8FDC-42A3-9474-1A3956D46DE8}") = "Data", "Data", "{361A9736-E27E-45CA-BB5D-8425DDEF808C}"
EndProject
Project("{FAE04EC0-301F-11D3-BF4B-00C04F79EFBC}") = "NH.Commons.Data", "NH.Commons.Data\NH.Commons.Data.csproj", "{4EDAE21C-6FB0-4C72-A6EC-855D5915F956}"
EndProject
Project("{2150E333-8FDC-42A3-9474-1A3956D46DE8}") = "Interface", "Interface", "{EB4A44BB-E58A-4EA3-9040-7F0CBDA3091D}"
EndProject
Project("{FAE04EC0-301F-11D3-BF4B-00C04F79EFBC}") = "NH.Commons.Interface", "NH.Commons.Interface\NH.Commons.Interface.csproj", "{D46749C6-7E35-4DB9-BBBD-B6EE552759F7}"
EndProject
Project("{FAE04EC0-301F-11D3-BF4B-00C04F79EFBC}") = "NH.EnumLibrary", "NH.EnumLibrary\NH.EnumLibrary.csproj", "{E317AF7F-89FB-4BAB-9E87-89719B192883}"
EndProject
Project("{2150E333-8FDC-42A3-9474-1A3956D46DE8}") = "Platform", "Platform", "{1D1880BA-395C-4ACB-A1CE-F450FB43F4B4}"
EndProject
Project("{FAE04EC0-301F-11D3-BF4B-00C04F79EFBC}") = "NH.Test", "NH.Test\NH.Test.csproj", "{25E68B86-1790-44CB-9D72-3A17E3D56461}"
EndProject
Project("{FAE04EC0-301F-11D3-BF4B-00C04F79EFBC}") = "NH.JQX.APP", "NH.JQX.Web\NH.JQX.APP.csproj", "{CFBC5A91-A91C-4F8E-9D92-DEC57F6F7D5E}"
EndProject
Project("{2150E333-8FDC-42A3-9474-1A3956D46DE8}") = "Service", "Service", "{7B44D030-A551-447F-AD11-D799D047C2A2}"
EndProject
Project("{FAE04EC0-301F-11D3-BF4B-00C04F79EFBC}") = "NH.Service", "NH.Service\NH.Service.csproj", "{D8D06EF7-DF60-45EA-942D-CB77CD2E9FD5}"
EndProject
Project("{FAE04EC0-301F-11D3-BF4B-00C04F79EFBC}") = "NH.JQX.Data", "NH.JQX.Data\NH.JQX.Data.csproj", "{0BBA42C3-095E-4537-B53F-60EEA98B7D33}"
EndProject
Project("{FAE04EC0-301F-11D3-BF4B-00C04F79EFBC}") = "NH.JQX.Interface", "NH.JQX.Interface\NH.JQX.Interface.csproj", "{427384A2-D454-475A-925D-184F5BE4B18B}"
EndProject
Global
	GlobalSection(SolutionConfigurationPlatforms) = preSolution
		Debug|Any CPU = Debug|Any CPU
		Release|Any CPU = Release|Any CPU
	EndGlobalSection
	GlobalSection(ProjectConfigurationPlatforms) = postSolution
		{091E45EE-B3C3-4113-9A19-2657CC4EF41D}.Debug|Any CPU.ActiveCfg = Debug|Any CPU
		{091E45EE-B3C3-4113-9A19-2657CC4EF41D}.Debug|Any CPU.Build.0 = Debug|Any CPU
		{091E45EE-B3C3-4113-9A19-2657CC4EF41D}.Release|Any CPU.ActiveCfg = Release|Any CPU
		{091E45EE-B3C3-4113-9A19-2657CC4EF41D}.Release|Any CPU.Build.0 = Release|Any CPU
		{4EDAE21C-6FB0-4C72-A6EC-855D5915F956}.Debug|Any CPU.ActiveCfg = Debug|Any CPU
		{4EDAE21C-6FB0-4C72-A6EC-855D5915F956}.Debug|Any CPU.Build.0 = Debug|Any CPU
		{4EDAE21C-6FB0-4C72-A6EC-855D5915F956}.Release|Any CPU.ActiveCfg = Release|Any CPU
		{4EDAE21C-6FB0-4C72-A6EC-855D5915F956}.Release|Any CPU.Build.0 = Release|Any CPU
		{D46749C6-7E35-4DB9-BBBD-B6EE552759F7}.Debug|Any CPU.ActiveCfg = Debug|Any CPU
		{D46749C6-7E35-4DB9-BBBD-B6EE552759F7}.Debug|Any CPU.Build.0 = Debug|Any CPU
		{D46749C6-7E35-4DB9-BBBD-B6EE552759F7}.Release|Any CPU.ActiveCfg = Release|Any CPU
		{D46749C6-7E35-4DB9-BBBD-B6EE552759F7}.Release|Any CPU.Build.0 = Release|Any CPU
		{E317AF7F-89FB-4BAB-9E87-89719B192883}.Debug|Any CPU.ActiveCfg = Debug|Any CPU
		{E317AF7F-89FB-4BAB-9E87-89719B192883}.Debug|Any CPU.Build.0 = Debug|Any CPU
		{E317AF7F-89FB-4BAB-9E87-89719B192883}.Release|Any CPU.ActiveCfg = Release|Any CPU
		{E317AF7F-89FB-4BAB-9E87-89719B192883}.Release|Any CPU.Build.0 = Release|Any CPU
		{25E68B86-1790-44CB-9D72-3A17E3D56461}.Debug|Any CPU.ActiveCfg = Debug|Any CPU
		{25E68B86-1790-44CB-9D72-3A17E3D56461}.Debug|Any CPU.Build.0 = Debug|Any CPU
		{25E68B86-1790-44CB-9D72-3A17E3D56461}.Release|Any CPU.ActiveCfg = Release|Any CPU
		{25E68B86-1790-44CB-9D72-3A17E3D56461}.Release|Any CPU.Build.0 = Release|Any CPU
		{CFBC5A91-A91C-4F8E-9D92-DEC57F6F7D5E}.Debug|Any CPU.ActiveCfg = Debug|Any CPU
		{CFBC5A91-A91C-4F8E-9D92-DEC57F6F7D5E}.Debug|Any CPU.Build.0 = Debug|Any CPU
		{CFBC5A91-A91C-4F8E-9D92-DEC57F6F7D5E}.Release|Any CPU.ActiveCfg = Release|Any CPU
		{CFBC5A91-A91C-4F8E-9D92-DEC57F6F7D5E}.Release|Any CPU.Build.0 = Release|Any CPU
		{D8D06EF7-DF60-45EA-942D-CB77CD2E9FD5}.Debug|Any CPU.ActiveCfg = Debug|Any CPU
		{D8D06EF7-DF60-45EA-942D-CB77CD2E9FD5}.Debug|Any CPU.Build.0 = Debug|Any CPU
		{D8D06EF7-DF60-45EA-942D-CB77CD2E9FD5}.Release|Any CPU.ActiveCfg = Release|Any CPU
		{D8D06EF7-DF60-45EA-942D-CB77CD2E9FD5}.Release|Any CPU.Build.0 = Release|Any CPU
		{0BBA42C3-095E-4537-B53F-60EEA98B7D33}.Debug|Any CPU.ActiveCfg = Debug|Any CPU
		{0BBA42C3-095E-4537-B53F-60EEA98B7D33}.Debug|Any CPU.Build.0 = Debug|Any CPU
		{0BBA42C3-095E-4537-B53F-60EEA98B7D33}.Release|Any CPU.ActiveCfg = Release|Any CPU
		{0BBA42C3-095E-4537-B53F-60EEA98B7D33}.Release|Any CPU.Build.0 = Release|Any CPU
		{427384A2-D454-475A-925D-184F5BE4B18B}.Debug|Any CPU.ActiveCfg = Debug|Any CPU
		{427384A2-D454-475A-925D-184F5BE4B18B}.Debug|Any CPU.Build.0 = Debug|Any CPU
		{427384A2-D454-475A-925D-184F5BE4B18B}.Release|Any CPU.ActiveCfg = Release|Any CPU
		{427384A2-D454-475A-925D-184F5BE4B18B}.Release|Any CPU.Build.0 = Release|Any CPU
	EndGlobalSection
	GlobalSection(SolutionProperties) = preSolution
		HideSolutionNode = FALSE
	EndGlobalSection
	GlobalSection(NestedProjects) = preSolution
		{091E45EE-B3C3-4113-9A19-2657CC4EF41D} = {2B220930-840B-4688-A6A7-E494AFC272DF}
		{4EDAE21C-6FB0-4C72-A6EC-855D5915F956} = {361A9736-E27E-45CA-BB5D-8425DDEF808C}
		{D46749C6-7E35-4DB9-BBBD-B6EE552759F7} = {EB4A44BB-E58A-4EA3-9040-7F0CBDA3091D}
		{E317AF7F-89FB-4BAB-9E87-89719B192883} = {2B220930-840B-4688-A6A7-E494AFC272DF}
		{25E68B86-1790-44CB-9D72-3A17E3D56461} = {1D1880BA-395C-4ACB-A1CE-F450FB43F4B4}
		{CFBC5A91-A91C-4F8E-9D92-DEC57F6F7D5E} = {1D1880BA-395C-4ACB-A1CE-F450FB43F4B4}
		{D8D06EF7-DF60-45EA-942D-CB77CD2E9FD5} = {7B44D030-A551-447F-AD11-D799D047C2A2}
		{0BBA42C3-095E-4537-B53F-60EEA98B7D33} = {361A9736-E27E-45CA-BB5D-8425DDEF808C}
		{427384A2-D454-475A-925D-184F5BE4B18B} = {EB4A44BB-E58A-4EA3-9040-7F0CBDA3091D}
	EndGlobalSection
EndGlobal
